
Microsoft Visual Studio Solution File, Format Version 12.00
# Visual Studio Version 17
VisualStudioVersion = 17.9.34723.18
MinimumVisualStudioVersion = 10.0.40219.1
Project("{FAE04EC0-301F-11D3-BF4B-00C04F79EFBC}") = "Loomon", "Loomon\Loomon\Loomon.csproj", "{8F39EAB1-0E05-46B2-AED6-5582B79F3561}"
EndProject
Project("{FAE04EC0-301F-11D3-BF4B-00C04F79EFBC}") = "Loomon.Client", "Loomon\Loomon.Client\Loomon.Client.csproj", "{D495392D-7380-4F73-B8A3-6861EF3C1D73}"
EndProject
Global
	GlobalSection(SolutionConfigurationPlatforms) = preSolution
		Debug|Any CPU = Debug|Any CPU
		Release|Any CPU = Release|Any CPU
	EndGlobalSection
	GlobalSection(ProjectConfigurationPlatforms) = postSolution
		{8F39EAB1-0E05-46B2-AED6-5582B79F3561}.Debug|Any CPU.ActiveCfg = Debug|Any CPU
		{8F39EAB1-0E05-46B2-AED6-5582B79F3561}.Debug|Any CPU.Build.0 = Debug|Any CPU
		{8F39EAB1-0E05-46B2-AED6-5582B79F3561}.Release|Any CPU.ActiveCfg = Release|Any CPU
		{8F39EAB1-0E05-46B2-AED6-5582B79F3561}.Release|Any CPU.Build.0 = Release|Any CPU
		{D495392D-7380-4F73-B8A3-6861EF3C1D73}.Debug|Any CPU.ActiveCfg = Debug|Any CPU
		{D495392D-7380-4F73-B8A3-6861EF3C1D73}.Debug|Any CPU.Build.0 = Debug|Any CPU
		{D495392D-7380-4F73-B8A3-6861EF3C1D73}.Release|Any CPU.ActiveCfg = Release|Any CPU
		{D495392D-7380-4F73-B8A3-6861EF3C1D73}.Release|Any CPU.Build.0 = Release|Any CPU
	EndGlobalSection
	GlobalSection(SolutionProperties) = preSolution
		HideSolutionNode = FALSE
	EndGlobalSection
	GlobalSection(ExtensibilityGlobals) = postSolution
		SolutionGuid = {3B114C78-383D-41DD-9639-D5AD57CE7770}
	EndGlobalSection
EndGlobal
