
Microsoft Visual Studio Solution File, Format Version 12.00
# Visual Studio Version 17
VisualStudioVersion = 17.5.002.0
MinimumVisualStudioVersion = 10.0.40219.1
Project("{9A19103F-16F7-4668-BE54-9A1E7A4F7556}") = "Loomon", "Loomon\Loomon.csproj", "{6B51C089-6D1E-4D9D-BB42-642329BE913E}"
EndProject
Project("{9A19103F-16F7-4668-BE54-9A1E7A4F7556}") = "Loomon.Client", "Loomon.Client\Loomon.Client.csproj", "{23BDEDB2-9D9D-477C-88DA-B9864D25F803}"
EndProject
Global
	GlobalSection(SolutionConfigurationPlatforms) = preSolution
		Debug|Any CPU = Debug|Any CPU
		Release|Any CPU = Release|Any CPU
	EndGlobalSection
	GlobalSection(ProjectConfigurationPlatforms) = postSolution
		{6B51C089-6D1E-4D9D-BB42-642329BE913E}.Debug|Any CPU.ActiveCfg = Debug|Any CPU
		{6B51C089-6D1E-4D9D-BB42-642329BE913E}.Debug|Any CPU.Build.0 = Debug|Any CPU
		{6B51C089-6D1E-4D9D-BB42-642329BE913E}.Release|Any CPU.ActiveCfg = Release|Any CPU
		{6B51C089-6D1E-4D9D-BB42-642329BE913E}.Release|Any CPU.Build.0 = Release|Any CPU
		{23BDEDB2-9D9D-477C-88DA-B9864D25F803}.Debug|Any CPU.ActiveCfg = Debug|Any CPU
		{23BDEDB2-9D9D-477C-88DA-B9864D25F803}.Debug|Any CPU.Build.0 = Debug|Any CPU
		{23BDEDB2-9D9D-477C-88DA-B9864D25F803}.Release|Any CPU.ActiveCfg = Release|Any CPU
		{23BDEDB2-9D9D-477C-88DA-B9864D25F803}.Release|Any CPU.Build.0 = Release|Any CPU
	EndGlobalSection
	GlobalSection(SolutionProperties) = preSolution
		HideSolutionNode = FALSE
	EndGlobalSection
	GlobalSection(ExtensibilityGlobals) = postSolution
		SolutionGuid = {0E3072E2-76EF-41FA-98D7-177CCCE132C4}
	EndGlobalSection
EndGlobal
